
Microsoft Visual Studio Solution File, Format Version 12.00
# Visual Studio Express 2012 for Web
Project("{FAE04EC0-301F-11D3-BF4B-00C04F79EFBC}") = "Laposta.api", "LapostaApi\Laposta.api.csproj", "{5279F17A-1547-4FF3-99A9-AD5E6E9EE27C}"
EndProject
Global
	GlobalSection(SolutionConfigurationPlatforms) = preSolution
		Debug|Any CPU = Debug|Any CPU
		Release|Any CPU = Release|Any CPU
	EndGlobalSection
	GlobalSection(ProjectConfigurationPlatforms) = postSolution
		{5279F17A-1547-4FF3-99A9-AD5E6E9EE27C}.Debug|Any CPU.ActiveCfg = Debug|Any CPU
		{5279F17A-1547-4FF3-99A9-AD5E6E9EE27C}.Debug|Any CPU.Build.0 = Debug|Any CPU
		{5279F17A-1547-4FF3-99A9-AD5E6E9EE27C}.Release|Any CPU.ActiveCfg = Release|Any CPU
		{5279F17A-1547-4FF3-99A9-AD5E6E9EE27C}.Release|Any CPU.Build.0 = Release|Any CPU
	EndGlobalSection
	GlobalSection(SolutionProperties) = preSolution
		HideSolutionNode = FALSE
	EndGlobalSection
EndGlobal
